// !$*UTF8*$!
{
	archiveVersion = 1;
	classes = {
	};
	objectVersion = 50;
	objects = {

/* Begin PBXBuildFile section */
		D1F5217722112C65005F6523 /* AppDelegate.swift in Sources */ = {isa = PBXBuildFile; fileRef = D1F5217622112C65005F6523 /* AppDelegate.swift */; };
		D1F5217922112C65005F6523 /* ViewController.swift in Sources */ = {isa = PBXBuildFile; fileRef = D1F5217822112C65005F6523 /* ViewController.swift */; };
		D1F5217C22112C65005F6523 /* Main.storyboard in Resources */ = {isa = PBXBuildFile; fileRef = D1F5217A22112C65005F6523 /* Main.storyboard */; };
		D1F5217E22112C67005F6523 /* Assets.xcassets in Resources */ = {isa = PBXBuildFile; fileRef = D1F5217D22112C67005F6523 /* Assets.xcassets */; };
		D1F5218122112C67005F6523 /* LaunchScreen.storyboard in Resources */ = {isa = PBXBuildFile; fileRef = D1F5217F22112C67005F6523 /* LaunchScreen.storyboard */; };
		D1F5218C22112C67005F6523 /* tumolink_iOSTests.swift in Sources */ = {isa = PBXBuildFile; fileRef = D1F5218B22112C67005F6523 /* tumolink_iOSTests.swift */; };
		D1F5219722112C67005F6523 /* tumolink_iOSUITests.swift in Sources */ = {isa = PBXBuildFile; fileRef = D1F5219622112C67005F6523 /* tumolink_iOSUITests.swift */; };
/* End PBXBuildFile section */

/* Begin PBXContainerItemProxy section */
		D1F5218822112C67005F6523 /* PBXContainerItemProxy */ = {
			isa = PBXContainerItemProxy;
			containerPortal = D1F5216B22112C65005F6523 /* Project object */;
			proxyType = 1;
			remoteGlobalIDString = D1F5217222112C65005F6523;
			remoteInfo = "tumolink-iOS";
		};
		D1F5219322112C67005F6523 /* PBXContainerItemProxy */ = {
			isa = PBXContainerItemProxy;
			containerPortal = D1F5216B22112C65005F6523 /* Project object */;
			proxyType = 1;
			remoteGlobalIDString = D1F5217222112C65005F6523;
			remoteInfo = "tumolink-iOS";
		};
/* End PBXContainerItemProxy section */

/* Begin PBXFileReference section */
		D1F5217322112C65005F6523 /* tumolink-iOS.app */ = {isa = PBXFileReference; explicitFileType = wrapper.application; includeInIndex = 0; path = "tumolink-iOS.app"; sourceTree = BUILT_PRODUCTS_DIR; };
		D1F5217622112C65005F6523 /* AppDelegate.swift */ = {isa = PBXFileReference; lastKnownFileType = sourcecode.swift; path = AppDelegate.swift; sourceTree = "<group>"; };
		D1F5217822112C65005F6523 /* ViewController.swift */ = {isa = PBXFileReference; lastKnownFileType = sourcecode.swift; path = ViewController.swift; sourceTree = "<group>"; };
		D1F5217B22112C65005F6523 /* Base */ = {isa = PBXFileReference; lastKnownFileType = file.storyboard; name = Base; path = Base.lproj/Main.storyboard; sourceTree = "<group>"; };
		D1F5217D22112C67005F6523 /* Assets.xcassets */ = {isa = PBXFileReference; lastKnownFileType = folder.assetcatalog; path = Assets.xcassets; sourceTree = "<group>"; };
		D1F5218022112C67005F6523 /* Base */ = {isa = PBXFileReference; lastKnownFileType = file.storyboard; name = Base; path = Base.lproj/LaunchScreen.storyboard; sourceTree = "<group>"; };
		D1F5218222112C67005F6523 /* Info.plist */ = {isa = PBXFileReference; lastKnownFileType = text.plist.xml; path = Info.plist; sourceTree = "<group>"; };
		D1F5218722112C67005F6523 /* tumolink-iOSTests.xctest */ = {isa = PBXFileReference; explicitFileType = wrapper.cfbundle; includeInIndex = 0; path = "tumolink-iOSTests.xctest"; sourceTree = BUILT_PRODUCTS_DIR; };
		D1F5218B22112C67005F6523 /* tumolink_iOSTests.swift */ = {isa = PBXFileReference; lastKnownFileType = sourcecode.swift; path = tumolink_iOSTests.swift; sourceTree = "<group>"; };
		D1F5218D22112C67005F6523 /* Info.plist */ = {isa = PBXFileReference; lastKnownFileType = text.plist.xml; path = Info.plist; sourceTree = "<group>"; };
		D1F5219222112C67005F6523 /* tumolink-iOSUITests.xctest */ = {isa = PBXFileReference; explicitFileType = wrapper.cfbundle; includeInIndex = 0; path = "tumolink-iOSUITests.xctest"; sourceTree = BUILT_PRODUCTS_DIR; };
		D1F5219622112C67005F6523 /* tumolink_iOSUITests.swift */ = {isa = PBXFileReference; lastKnownFileType = sourcecode.swift; path = tumolink_iOSUITests.swift; sourceTree = "<group>"; };
		D1F5219822112C67005F6523 /* Info.plist */ = {isa = PBXFileReference; lastKnownFileType = text.plist.xml; path = Info.plist; sourceTree = "<group>"; };
/* End PBXFileReference section */

/* Begin PBXFrameworksBuildPhase section */
		D1F5217022112C65005F6523 /* Frameworks */ = {
			isa = PBXFrameworksBuildPhase;
			buildActionMask = 2147483647;
			files = (
			);
			runOnlyForDeploymentPostprocessing = 0;
		};
		D1F5218422112C67005F6523 /* Frameworks */ = {
			isa = PBXFrameworksBuildPhase;
			buildActionMask = 2147483647;
			files = (
			);
			runOnlyForDeploymentPostprocessing = 0;
		};
		D1F5218F22112C67005F6523 /* Frameworks */ = {
			isa = PBXFrameworksBuildPhase;
			buildActionMask = 2147483647;
			files = (
			);
			runOnlyForDeploymentPostprocessing = 0;
		};
/* End PBXFrameworksBuildPhase section */

/* Begin PBXGroup section */
		D1F5216A22112C65005F6523 = {
			isa = PBXGroup;
			children = (
				D1F5217522112C65005F6523 /* tumolink-iOS */,
				D1F5218A22112C67005F6523 /* tumolink-iOSTests */,
				D1F5219522112C67005F6523 /* tumolink-iOSUITests */,
				D1F5217422112C65005F6523 /* Products */,
			);
			sourceTree = "<group>";
		};
		D1F5217422112C65005F6523 /* Products */ = {
			isa = PBXGroup;
			children = (
				D1F5217322112C65005F6523 /* tumolink-iOS.app */,
				D1F5218722112C67005F6523 /* tumolink-iOSTests.xctest */,
				D1F5219222112C67005F6523 /* tumolink-iOSUITests.xctest */,
			);
			name = Products;
			sourceTree = "<group>";
		};
		D1F5217522112C65005F6523 /* tumolink-iOS */ = {
			isa = PBXGroup;
			children = (
				D1F5217622112C65005F6523 /* AppDelegate.swift */,
				D1F5217822112C65005F6523 /* ViewController.swift */,
				D1F5217A22112C65005F6523 /* Main.storyboard */,
				D1F5217D22112C67005F6523 /* Assets.xcassets */,
				D1F5217F22112C67005F6523 /* LaunchScreen.storyboard */,
				D1F5218222112C67005F6523 /* Info.plist */,
			);
			path = "tumolink-iOS";
			sourceTree = "<group>";
		};
		D1F5218A22112C67005F6523 /* tumolink-iOSTests */ = {
			isa = PBXGroup;
			children = (
				D1F5218B22112C67005F6523 /* tumolink_iOSTests.swift */,
				D1F5218D22112C67005F6523 /* Info.plist */,
			);
			path = "tumolink-iOSTests";
			sourceTree = "<group>";
		};
		D1F5219522112C67005F6523 /* tumolink-iOSUITests */ = {
			isa = PBXGroup;
			children = (
				D1F5219622112C67005F6523 /* tumolink_iOSUITests.swift */,
				D1F5219822112C67005F6523 /* Info.plist */,
			);
			path = "tumolink-iOSUITests";
			sourceTree = "<group>";
		};
/* End PBXGroup section */

/* Begin PBXNativeTarget section */
		D1F5217222112C65005F6523 /* tumolink-iOS */ = {
			isa = PBXNativeTarget;
			buildConfigurationList = D1F5219B22112C67005F6523 /* Build configuration list for PBXNativeTarget "tumolink-iOS" */;
			buildPhases = (
				D1F5216F22112C65005F6523 /* Sources */,
				D1F5217022112C65005F6523 /* Frameworks */,
				D1F5217122112C65005F6523 /* Resources */,
			);
			buildRules = (
			);
			dependencies = (
			);
			name = "tumolink-iOS";
			productName = "tumolink-iOS";
			productReference = D1F5217322112C65005F6523 /* tumolink-iOS.app */;
			productType = "com.apple.product-type.application";
		};
		D1F5218622112C67005F6523 /* tumolink-iOSTests */ = {
			isa = PBXNativeTarget;
			buildConfigurationList = D1F5219E22112C67005F6523 /* Build configuration list for PBXNativeTarget "tumolink-iOSTests" */;
			buildPhases = (
				D1F5218322112C67005F6523 /* Sources */,
				D1F5218422112C67005F6523 /* Frameworks */,
				D1F5218522112C67005F6523 /* Resources */,
			);
			buildRules = (
			);
			dependencies = (
				D1F5218922112C67005F6523 /* PBXTargetDependency */,
			);
			name = "tumolink-iOSTests";
			productName = "tumolink-iOSTests";
			productReference = D1F5218722112C67005F6523 /* tumolink-iOSTests.xctest */;
			productType = "com.apple.product-type.bundle.unit-test";
		};
		D1F5219122112C67005F6523 /* tumolink-iOSUITests */ = {
			isa = PBXNativeTarget;
			buildConfigurationList = D1F521A122112C67005F6523 /* Build configuration list for PBXNativeTarget "tumolink-iOSUITests" */;
			buildPhases = (
				D1F5218E22112C67005F6523 /* Sources */,
				D1F5218F22112C67005F6523 /* Frameworks */,
				D1F5219022112C67005F6523 /* Resources */,
			);
			buildRules = (
			);
			dependencies = (
				D1F5219422112C67005F6523 /* PBXTargetDependency */,
			);
			name = "tumolink-iOSUITests";
			productName = "tumolink-iOSUITests";
			productReference = D1F5219222112C67005F6523 /* tumolink-iOSUITests.xctest */;
			productType = "com.apple.product-type.bundle.ui-testing";
		};
/* End PBXNativeTarget section */

/* Begin PBXProject section */
		D1F5216B22112C65005F6523 /* Project object */ = {
			isa = PBXProject;
			attributes = {
				LastSwiftUpdateCheck = 0930;
				LastUpgradeCheck = 0930;
				ORGANIZATIONNAME = YoheiTerashima;
				TargetAttributes = {
					D1F5217222112C65005F6523 = {
						CreatedOnToolsVersion = 9.3;
					};
					D1F5218622112C67005F6523 = {
						CreatedOnToolsVersion = 9.3;
						TestTargetID = D1F5217222112C65005F6523;
					};
					D1F5219122112C67005F6523 = {
						CreatedOnToolsVersion = 9.3;
						TestTargetID = D1F5217222112C65005F6523;
					};
				};
			};
			buildConfigurationList = D1F5216E22112C65005F6523 /* Build configuration list for PBXProject "tumolink-iOS" */;
			compatibilityVersion = "Xcode 9.3";
			developmentRegion = en;
			hasScannedForEncodings = 0;
			knownRegions = (
				en,
				Base,
			);
			mainGroup = D1F5216A22112C65005F6523;
			productRefGroup = D1F5217422112C65005F6523 /* Products */;
			projectDirPath = "";
			projectRoot = "";
			targets = (
				D1F5217222112C65005F6523 /* tumolink-iOS */,
				D1F5218622112C67005F6523 /* tumolink-iOSTests */,
				D1F5219122112C67005F6523 /* tumolink-iOSUITests */,
			);
		};
/* End PBXProject section */

/* Begin PBXResourcesBuildPhase section */
		D1F5217122112C65005F6523 /* Resources */ = {
			isa = PBXResourcesBuildPhase;
			buildActionMask = 2147483647;
			files = (
				D1F5218122112C67005F6523 /* LaunchScreen.storyboard in Resources */,
				D1F5217E22112C67005F6523 /* Assets.xcassets in Resources */,
				D1F5217C22112C65005F6523 /* Main.storyboard in Resources */,
			);
			runOnlyForDeploymentPostprocessing = 0;
		};
		D1F5218522112C67005F6523 /* Resources */ = {
			isa = PBXResourcesBuildPhase;
			buildActionMask = 2147483647;
			files = (
			);
			runOnlyForDeploymentPostprocessing = 0;
		};
		D1F5219022112C67005F6523 /* Resources */ = {
			isa = PBXResourcesBuildPhase;
			buildActionMask = 2147483647;
			files = (
			);
			runOnlyForDeploymentPostprocessing = 0;
		};
/* End PBXResourcesBuildPhase section */

/* Begin PBXSourcesBuildPhase section */
		D1F5216F22112C65005F6523 /* Sources */ = {
			isa = PBXSourcesBuildPhase;
			buildActionMask = 2147483647;
			files = (
				D1F5217922112C65005F6523 /* ViewController.swift in Sources */,
				D1F5217722112C65005F6523 /* AppDelegate.swift in Sources */,
			);
			runOnlyForDeploymentPostprocessing = 0;
		};
		D1F5218322112C67005F6523 /* Sources */ = {
			isa = PBXSourcesBuildPhase;
			buildActionMask = 2147483647;
			files = (
				D1F5218C22112C67005F6523 /* tumolink_iOSTests.swift in Sources */,
			);
			runOnlyForDeploymentPostprocessing = 0;
		};
		D1F5218E22112C67005F6523 /* Sources */ = {
			isa = PBXSourcesBuildPhase;
			buildActionMask = 2147483647;
			files = (
				D1F5219722112C67005F6523 /* tumolink_iOSUITests.swift in Sources */,
			);
			runOnlyForDeploymentPostprocessing = 0;
		};
/* End PBXSourcesBuildPhase section */

/* Begin PBXTargetDependency section */
		D1F5218922112C67005F6523 /* PBXTargetDependency */ = {
			isa = PBXTargetDependency;
			target = D1F5217222112C65005F6523 /* tumolink-iOS */;
			targetProxy = D1F5218822112C67005F6523 /* PBXContainerItemProxy */;
		};
		D1F5219422112C67005F6523 /* PBXTargetDependency */ = {
			isa = PBXTargetDependency;
			target = D1F5217222112C65005F6523 /* tumolink-iOS */;
			targetProxy = D1F5219322112C67005F6523 /* PBXContainerItemProxy */;
		};
/* End PBXTargetDependency section */

/* Begin PBXVariantGroup section */
		D1F5217A22112C65005F6523 /* Main.storyboard */ = {
			isa = PBXVariantGroup;
			children = (
				D1F5217B22112C65005F6523 /* Base */,
			);
			name = Main.storyboard;
			sourceTree = "<group>";
		};
		D1F5217F22112C67005F6523 /* LaunchScreen.storyboard */ = {
			isa = PBXVariantGroup;
			children = (
				D1F5218022112C67005F6523 /* Base */,
			);
			name = LaunchScreen.storyboard;
			sourceTree = "<group>";
		};
/* End PBXVariantGroup section */

/* Begin XCBuildConfiguration section */
		D1F5219922112C67005F6523 /* Debug */ = {
			isa = XCBuildConfiguration;
			buildSettings = {
				ALWAYS_SEARCH_USER_PATHS = NO;
				CLANG_ANALYZER_NONNULL = YES;
				CLANG_ANALYZER_NUMBER_OBJECT_CONVERSION = YES_AGGRESSIVE;
				CLANG_CXX_LANGUAGE_STANDARD = "gnu++14";
				CLANG_CXX_LIBRARY = "libc++";
				CLANG_ENABLE_MODULES = YES;
				CLANG_ENABLE_OBJC_ARC = YES;
				CLANG_ENABLE_OBJC_WEAK = YES;
				CLANG_WARN_BLOCK_CAPTURE_AUTORELEASING = YES;
				CLANG_WARN_BOOL_CONVERSION = YES;
				CLANG_WARN_COMMA = YES;
				CLANG_WARN_CONSTANT_CONVERSION = YES;
				CLANG_WARN_DEPRECATED_OBJC_IMPLEMENTATIONS = YES;
				CLANG_WARN_DIRECT_OBJC_ISA_USAGE = YES_ERROR;
				CLANG_WARN_DOCUMENTATION_COMMENTS = YES;
				CLANG_WARN_EMPTY_BODY = YES;
				CLANG_WARN_ENUM_CONVERSION = YES;
				CLANG_WARN_INFINITE_RECURSION = YES;
				CLANG_WARN_INT_CONVERSION = YES;
				CLANG_WARN_NON_LITERAL_NULL_CONVERSION = YES;
				CLANG_WARN_OBJC_IMPLICIT_RETAIN_SELF = YES;
				CLANG_WARN_OBJC_LITERAL_CONVERSION = YES;
				CLANG_WARN_OBJC_ROOT_CLASS = YES_ERROR;
				CLANG_WARN_RANGE_LOOP_ANALYSIS = YES;
				CLANG_WARN_STRICT_PROTOTYPES = YES;
				CLANG_WARN_SUSPICIOUS_MOVE = YES;
				CLANG_WARN_UNGUARDED_AVAILABILITY = YES_AGGRESSIVE;
				CLANG_WARN_UNREACHABLE_CODE = YES;
				CLANG_WARN__DUPLICATE_METHOD_MATCH = YES;
				CODE_SIGN_IDENTITY = "iPhone Developer";
				COPY_PHASE_STRIP = NO;
				DEBUG_INFORMATION_FORMAT = dwarf;
				ENABLE_STRICT_OBJC_MSGSEND = YES;
				ENABLE_TESTABILITY = YES;
				GCC_C_LANGUAGE_STANDARD = gnu11;
				GCC_DYNAMIC_NO_PIC = NO;
				GCC_NO_COMMON_BLOCKS = YES;
				GCC_OPTIMIZATION_LEVEL = 0;
				GCC_PREPROCESSOR_DEFINITIONS = (
					"DEBUG=1",
					"$(inherited)",
				);
				GCC_WARN_64_TO_32_BIT_CONVERSION = YES;
				GCC_WARN_ABOUT_RETURN_TYPE = YES_ERROR;
				GCC_WARN_UNDECLARED_SELECTOR = YES;
				GCC_WARN_UNINITIALIZED_AUTOS = YES_AGGRESSIVE;
				GCC_WARN_UNUSED_FUNCTION = YES;
				GCC_WARN_UNUSED_VARIABLE = YES;
				IPHONEOS_DEPLOYMENT_TARGET = 11.3;
				MTL_ENABLE_DEBUG_INFO = YES;
				ONLY_ACTIVE_ARCH = YES;
				SDKROOT = iphoneos;
				SWIFT_ACTIVE_COMPILATION_CONDITIONS = DEBUG;
				SWIFT_OPTIMIZATION_LEVEL = "-Onone";
			};
			name = Debug;
		};
		D1F5219A22112C67005F6523 /* Release */ = {
			isa = XCBuildConfiguration;
			buildSettings = {
				ALWAYS_SEARCH_USER_PATHS = NO;
				CLANG_ANALYZER_NONNULL = YES;
				CLANG_ANALYZER_NUMBER_OBJECT_CONVERSION = YES_AGGRESSIVE;
				CLANG_CXX_LANGUAGE_STANDARD = "gnu++14";
				CLANG_CXX_LIBRARY = "libc++";
				CLANG_ENABLE_MODULES = YES;
				CLANG_ENABLE_OBJC_ARC = YES;
				CLANG_ENABLE_OBJC_WEAK = YES;
				CLANG_WARN_BLOCK_CAPTURE_AUTORELEASING = YES;
				CLANG_WARN_BOOL_CONVERSION = YES;
				CLANG_WARN_COMMA = YES;
				CLANG_WARN_CONSTANT_CONVERSION = YES;
				CLANG_WARN_DEPRECATED_OBJC_IMPLEMENTATIONS = YES;
				CLANG_WARN_DIRECT_OBJC_ISA_USAGE = YES_ERROR;
				CLANG_WARN_DOCUMENTATION_COMMENTS = YES;
				CLANG_WARN_EMPTY_BODY = YES;
				CLANG_WARN_ENUM_CONVERSION = YES;
				CLANG_WARN_INFINITE_RECURSION = YES;
				CLANG_WARN_INT_CONVERSION = YES;
				CLANG_WARN_NON_LITERAL_NULL_CONVERSION = YES;
				CLANG_WARN_OBJC_IMPLICIT_RETAIN_SELF = YES;
				CLANG_WARN_OBJC_LITERAL_CONVERSION = YES;
				CLANG_WARN_OBJC_ROOT_CLASS = YES_ERROR;
				CLANG_WARN_RANGE_LOOP_ANALYSIS = YES;
				CLANG_WARN_STRICT_PROTOTYPES = YES;
				CLANG_WARN_SUSPICIOUS_MOVE = YES;
				CLANG_WARN_UNGUARDED_AVAILABILITY = YES_AGGRESSIVE;
				CLANG_WARN_UNREACHABLE_CODE = YES;
				CLANG_WARN__DUPLICATE_METHOD_MATCH = YES;
				CODE_SIGN_IDENTITY = "iPhone Developer";
				COPY_PHASE_STRIP = NO;
				DEBUG_INFORMATION_FORMAT = "dwarf-with-dsym";
				ENABLE_NS_ASSERTIONS = NO;
				ENABLE_STRICT_OBJC_MSGSEND = YES;
				GCC_C_LANGUAGE_STANDARD = gnu11;
				GCC_NO_COMMON_BLOCKS = YES;
				GCC_WARN_64_TO_32_BIT_CONVERSION = YES;
				GCC_WARN_ABOUT_RETURN_TYPE = YES_ERROR;
				GCC_WARN_UNDECLARED_SELECTOR = YES;
				GCC_WARN_UNINITIALIZED_AUTOS = YES_AGGRESSIVE;
				GCC_WARN_UNUSED_FUNCTION = YES;
				GCC_WARN_UNUSED_VARIABLE = YES;
				IPHONEOS_DEPLOYMENT_TARGET = 11.3;
				MTL_ENABLE_DEBUG_INFO = NO;
				SDKROOT = iphoneos;
				SWIFT_COMPILATION_MODE = wholemodule;
				SWIFT_OPTIMIZATION_LEVEL = "-O";
				VALIDATE_PRODUCT = YES;
			};
			name = Release;
		};
		D1F5219C22112C67005F6523 /* Debug */ = {
			isa = XCBuildConfiguration;
			buildSettings = {
				ASSETCATALOG_COMPILER_APPICON_NAME = AppIcon;
				CODE_SIGN_STYLE = Automatic;
				DEVELOPMENT_TEAM = DCYC29YYSD;
				INFOPLIST_FILE = "tumolink-iOS/Info.plist";
				LD_RUNPATH_SEARCH_PATHS = (
					"$(inherited)",
					"@executable_path/Frameworks",
				);
				PRODUCT_BUNDLE_IDENTIFIER = "com.yoheiterashima.tumolink-iOS";
				PRODUCT_NAME = "$(TARGET_NAME)";
				SWIFT_VERSION = 4.0;
				TARGETED_DEVICE_FAMILY = "1,2";
			};
			name = Debug;
		};
		D1F5219D22112C67005F6523 /* Release */ = {
			isa = XCBuildConfiguration;
			buildSettings = {
				ASSETCATALOG_COMPILER_APPICON_NAME = AppIcon;
				CODE_SIGN_STYLE = Automatic;
				DEVELOPMENT_TEAM = DCYC29YYSD;
				INFOPLIST_FILE = "tumolink-iOS/Info.plist";
				LD_RUNPATH_SEARCH_PATHS = (
					"$(inherited)",
					"@executable_path/Frameworks",
				);
				PRODUCT_BUNDLE_IDENTIFIER = "com.yoheiterashima.tumolink-iOS";
				PRODUCT_NAME = "$(TARGET_NAME)";
				SWIFT_VERSION = 4.0;
				TARGETED_DEVICE_FAMILY = "1,2";
			};
			name = Release;
		};
		D1F5219F22112C67005F6523 /* Debug */ = {
			isa = XCBuildConfiguration;
			buildSettings = {
				ALWAYS_EMBED_SWIFT_STANDARD_LIBRARIES = YES;
				BUNDLE_LOADER = "$(TEST_HOST)";
				CODE_SIGN_STYLE = Automatic;
				DEVELOPMENT_TEAM = DCYC29YYSD;
				INFOPLIST_FILE = "tumolink-iOSTests/Info.plist";
				LD_RUNPATH_SEARCH_PATHS = (
					"$(inherited)",
					"@executable_path/Frameworks",
					"@loader_path/Frameworks",
				);
				PRODUCT_BUNDLE_IDENTIFIER = "com.yoheiterashima.tumolink-iOSTests";
				PRODUCT_NAME = "$(TARGET_NAME)";
				SWIFT_VERSION = 4.0;
				TARGETED_DEVICE_FAMILY = "1,2";
				TEST_HOST = "$(BUILT_PRODUCTS_DIR)/tumolink-iOS.app/tumolink-iOS";
			};
			name = Debug;
		};
		D1F521A022112C67005F6523 /* Release */ = {
			isa = XCBuildConfiguration;
			buildSettings = {
				ALWAYS_EMBED_SWIFT_STANDARD_LIBRARIES = YES;
				BUNDLE_LOADER = "$(TEST_HOST)";
				CODE_SIGN_STYLE = Automatic;
				DEVELOPMENT_TEAM = DCYC29YYSD;
				INFOPLIST_FILE = "tumolink-iOSTests/Info.plist";
				LD_RUNPATH_SEARCH_PATHS = (
					"$(inherited)",
					"@executable_path/Frameworks",
					"@loader_path/Frameworks",
				);
				PRODUCT_BUNDLE_IDENTIFIER = "com.yoheiterashima.tumolink-iOSTests";
				PRODUCT_NAME = "$(TARGET_NAME)";
				SWIFT_VERSION = 4.0;
				TARGETED_DEVICE_FAMILY = "1,2";
				TEST_HOST = "$(BUILT_PRODUCTS_DIR)/tumolink-iOS.app/tumolink-iOS";
			};
			name = Release;
		};
		D1F521A222112C67005F6523 /* Debug */ = {
			isa = XCBuildConfiguration;
			buildSettings = {
				ALWAYS_EMBED_SWIFT_STANDARD_LIBRARIES = YES;
				CODE_SIGN_STYLE = Automatic;
				DEVELOPMENT_TEAM = DCYC29YYSD;
				INFOPLIST_FILE = "tumolink-iOSUITests/Info.plist";
				LD_RUNPATH_SEARCH_PATHS = (
					"$(inherited)",
					"@executable_path/Frameworks",
					"@loader_path/Frameworks",
				);
				PRODUCT_BUNDLE_IDENTIFIER = "com.yoheiterashima.tumolink-iOSUITests";
				PRODUCT_NAME = "$(TARGET_NAME)";
				SWIFT_VERSION = 4.0;
				TARGETED_DEVICE_FAMILY = "1,2";
				TEST_TARGET_NAME = "tumolink-iOS";
			};
			name = Debug;
		};
		D1F521A322112C67005F6523 /* Release */ = {
			isa = XCBuildConfiguration;
			buildSettings = {
				ALWAYS_EMBED_SWIFT_STANDARD_LIBRARIES = YES;
				CODE_SIGN_STYLE = Automatic;
				DEVELOPMENT_TEAM = DCYC29YYSD;
				INFOPLIST_FILE = "tumolink-iOSUITests/Info.plist";
				LD_RUNPATH_SEARCH_PATHS = (
					"$(inherited)",
					"@executable_path/Frameworks",
					"@loader_path/Frameworks",
				);
				PRODUCT_BUNDLE_IDENTIFIER = "com.yoheiterashima.tumolink-iOSUITests";
				PRODUCT_NAME = "$(TARGET_NAME)";
				SWIFT_VERSION = 4.0;
				TARGETED_DEVICE_FAMILY = "1,2";
				TEST_TARGET_NAME = "tumolink-iOS";
			};
			name = Release;
		};
/* End XCBuildConfiguration section */

/* Begin XCConfigurationList section */
		D1F5216E22112C65005F6523 /* Build configuration list for PBXProject "tumolink-iOS" */ = {
			isa = XCConfigurationList;
			buildConfigurations = (
				D1F5219922112C67005F6523 /* Debug */,
				D1F5219A22112C67005F6523 /* Release */,
			);
			defaultConfigurationIsVisible = 0;
			defaultConfigurationName = Release;
		};
		D1F5219B22112C67005F6523 /* Build configuration list for PBXNativeTarget "tumolink-iOS" */ = {
			isa = XCConfigurationList;
			buildConfigurations = (
				D1F5219C22112C67005F6523 /* Debug */,
				D1F5219D22112C67005F6523 /* Release */,
			);
			defaultConfigurationIsVisible = 0;
			defaultConfigurationName = Release;
		};
		D1F5219E22112C67005F6523 /* Build configuration list for PBXNativeTarget "tumolink-iOSTests" */ = {
			isa = XCConfigurationList;
			buildConfigurations = (
				D1F5219F22112C67005F6523 /* Debug */,
				D1F521A022112C67005F6523 /* Release */,
			);
			defaultConfigurationIsVisible = 0;
			defaultConfigurationName = Release;
		};
		D1F521A122112C67005F6523 /* Build configuration list for PBXNativeTarget "tumolink-iOSUITests" */ = {
			isa = XCConfigurationList;
			buildConfigurations = (
				D1F521A222112C67005F6523 /* Debug */,
				D1F521A322112C67005F6523 /* Release */,
			);
			defaultConfigurationIsVisible = 0;
			defaultConfigurationName = Release;
		};
/* End XCConfigurationList section */
	};
	rootObject = D1F5216B22112C65005F6523 /* Project object */;
}
